// !$*UTF8*$!
{
	archiveVersion = 1;
	classes = {
	};
	objectVersion = 50;
	objects = {

/* Begin PBXBuildFile section */
		18645D81226E25C7003E97A8 /* StopwatchViewController.swift in Sources */ = {isa = PBXBuildFile; fileRef = 18645D80226E25C7003E97A8 /* StopwatchViewController.swift */; };
		186A42362294A66000ABA9D0 /* MusicViewController.swift in Sources */ = {isa = PBXBuildFile; fileRef = 186A42352294A66000ABA9D0 /* MusicViewController.swift */; };
		1872FAA82268DB34007B2DD3 /* AppDelegate.swift in Sources */ = {isa = PBXBuildFile; fileRef = 1872FAA72268DB34007B2DD3 /* AppDelegate.swift */; };
		1872FAAA2268DB34007B2DD3 /* ViewController.swift in Sources */ = {isa = PBXBuildFile; fileRef = 1872FAA92268DB34007B2DD3 /* ViewController.swift */; };
		1872FAAD2268DB34007B2DD3 /* Main.storyboard in Resources */ = {isa = PBXBuildFile; fileRef = 1872FAAB2268DB34007B2DD3 /* Main.storyboard */; };
		1872FAAF2268DB35007B2DD3 /* Assets.xcassets in Resources */ = {isa = PBXBuildFile; fileRef = 1872FAAE2268DB35007B2DD3 /* Assets.xcassets */; };
		1872FAB22268DB35007B2DD3 /* LaunchScreen.storyboard in Resources */ = {isa = PBXBuildFile; fileRef = 1872FAB02268DB35007B2DD3 /* LaunchScreen.storyboard */; };
		C900750E2291CD3300FFA20D /* DetailsViewController.swift in Sources */ = {isa = PBXBuildFile; fileRef = C900750D2291CD3300FFA20D /* DetailsViewController.swift */; };
		C991212F226F765B00D3EF65 /* MapViewController.swift in Sources */ = {isa = PBXBuildFile; fileRef = C991212E226F765B00D3EF65 /* MapViewController.swift */; };
/* End PBXBuildFile section */

/* Begin PBXFileReference section */
		18645D80226E25C7003E97A8 /* StopwatchViewController.swift */ = {isa = PBXFileReference; lastKnownFileType = sourcecode.swift; path = StopwatchViewController.swift; sourceTree = "<group>"; };
		186A42352294A66000ABA9D0 /* MusicViewController.swift */ = {isa = PBXFileReference; lastKnownFileType = sourcecode.swift; path = MusicViewController.swift; sourceTree = "<group>"; };
		1872FAA42268DB34007B2DD3 /* RunTrackerApp.app */ = {isa = PBXFileReference; explicitFileType = wrapper.application; includeInIndex = 0; path = RunTrackerApp.app; sourceTree = BUILT_PRODUCTS_DIR; };
		1872FAA72268DB34007B2DD3 /* AppDelegate.swift */ = {isa = PBXFileReference; lastKnownFileType = sourcecode.swift; path = AppDelegate.swift; sourceTree = "<group>"; };
		1872FAA92268DB34007B2DD3 /* ViewController.swift */ = {isa = PBXFileReference; lastKnownFileType = sourcecode.swift; path = ViewController.swift; sourceTree = "<group>"; };
		1872FAAC2268DB34007B2DD3 /* Base */ = {isa = PBXFileReference; lastKnownFileType = file.storyboard; name = Base; path = Base.lproj/Main.storyboard; sourceTree = "<group>"; };
		1872FAAE2268DB35007B2DD3 /* Assets.xcassets */ = {isa = PBXFileReference; lastKnownFileType = folder.assetcatalog; path = Assets.xcassets; sourceTree = "<group>"; };
		1872FAB12268DB35007B2DD3 /* Base */ = {isa = PBXFileReference; lastKnownFileType = file.storyboard; name = Base; path = Base.lproj/LaunchScreen.storyboard; sourceTree = "<group>"; };
		1872FAB32268DB35007B2DD3 /* Info.plist */ = {isa = PBXFileReference; lastKnownFileType = text.plist.xml; path = Info.plist; sourceTree = "<group>"; };
		C900750D2291CD3300FFA20D /* DetailsViewController.swift */ = {isa = PBXFileReference; lastKnownFileType = sourcecode.swift; path = DetailsViewController.swift; sourceTree = "<group>"; };
		C991212E226F765B00D3EF65 /* MapViewController.swift */ = {isa = PBXFileReference; lastKnownFileType = sourcecode.swift; path = MapViewController.swift; sourceTree = "<group>"; };
/* End PBXFileReference section */

/* Begin PBXFrameworksBuildPhase section */
		1872FAA12268DB33007B2DD3 /* Frameworks */ = {
			isa = PBXFrameworksBuildPhase;
			buildActionMask = 2147483647;
			files = (
			);
			runOnlyForDeploymentPostprocessing = 0;
		};
/* End PBXFrameworksBuildPhase section */

/* Begin PBXGroup section */
		1872FA9B2268DB33007B2DD3 = {
			isa = PBXGroup;
			children = (
				1872FAA62268DB34007B2DD3 /* RunTrackerApp */,
				1872FAA52268DB34007B2DD3 /* Products */,
			);
			sourceTree = "<group>";
		};
		1872FAA52268DB34007B2DD3 /* Products */ = {
			isa = PBXGroup;
			children = (
				1872FAA42268DB34007B2DD3 /* RunTrackerApp.app */,
			);
			name = Products;
			sourceTree = "<group>";
		};
		1872FAA62268DB34007B2DD3 /* RunTrackerApp */ = {
			isa = PBXGroup;
			children = (
				1872FAA72268DB34007B2DD3 /* AppDelegate.swift */,
				1872FAA92268DB34007B2DD3 /* ViewController.swift */,
				C991212E226F765B00D3EF65 /* MapViewController.swift */,
				C900750D2291CD3300FFA20D /* DetailsViewController.swift */,
				18645D80226E25C7003E97A8 /* StopwatchViewController.swift */,
				186A42352294A66000ABA9D0 /* MusicViewController.swift */,
				1872FAAB2268DB34007B2DD3 /* Main.storyboard */,
				1872FAAE2268DB35007B2DD3 /* Assets.xcassets */,
				1872FAB02268DB35007B2DD3 /* LaunchScreen.storyboard */,
				1872FAB32268DB35007B2DD3 /* Info.plist */,
			);
			path = RunTrackerApp;
			sourceTree = "<group>";
		};
/* End PBXGroup section */

/* Begin PBXNativeTarget section */
		1872FAA32268DB33007B2DD3 /* RunTrackerApp */ = {
			isa = PBXNativeTarget;
			buildConfigurationList = 1872FAB62268DB35007B2DD3 /* Build configuration list for PBXNativeTarget "RunTrackerApp" */;
			buildPhases = (
				1872FAA02268DB33007B2DD3 /* Sources */,
				1872FAA12268DB33007B2DD3 /* Frameworks */,
				1872FAA22268DB33007B2DD3 /* Resources */,
			);
			buildRules = (
			);
			dependencies = (
			);
			name = RunTrackerApp;
			productName = RunTrackerApp;
			productReference = 1872FAA42268DB34007B2DD3 /* RunTrackerApp.app */;
			productType = "com.apple.product-type.application";
		};
/* End PBXNativeTarget section */

/* Begin PBXProject section */
		1872FA9C2268DB33007B2DD3 /* Project object */ = {
			isa = PBXProject;
			attributes = {
				LastSwiftUpdateCheck = 1010;
				LastUpgradeCheck = 1010;
				ORGANIZATIONNAME = "Ashwin Kasargode";
				TargetAttributes = {
					1872FAA32268DB33007B2DD3 = {
						CreatedOnToolsVersion = 10.1;
					};
				};
			};
			buildConfigurationList = 1872FA9F2268DB33007B2DD3 /* Build configuration list for PBXProject "RunTrackerApp" */;
			compatibilityVersion = "Xcode 9.3";
			developmentRegion = en;
			hasScannedForEncodings = 0;
			knownRegions = (
				en,
				Base,
			);
			mainGroup = 1872FA9B2268DB33007B2DD3;
			productRefGroup = 1872FAA52268DB34007B2DD3 /* Products */;
			projectDirPath = "";
			projectRoot = "";
			targets = (
				1872FAA32268DB33007B2DD3 /* RunTrackerApp */,
			);
		};
/* End PBXProject section */

/* Begin PBXResourcesBuildPhase section */
		1872FAA22268DB33007B2DD3 /* Resources */ = {
			isa = PBXResourcesBuildPhase;
			buildActionMask = 2147483647;
			files = (
				1872FAB22268DB35007B2DD3 /* LaunchScreen.storyboard in Resources */,
				1872FAAF2268DB35007B2DD3 /* Assets.xcassets in Resources */,
				1872FAAD2268DB34007B2DD3 /* Main.storyboard in Resources */,
			);
			runOnlyForDeploymentPostprocessing = 0;
		};
/* End PBXResourcesBuildPhase section */

/* Begin PBXSourcesBuildPhase section */
		1872FAA02268DB33007B2DD3 /* Sources */ = {
			isa = PBXSourcesBuildPhase;
			buildActionMask = 2147483647;
			files = (
				186A42362294A66000ABA9D0 /* MusicViewController.swift in Sources */,
				18645D81226E25C7003E97A8 /* StopwatchViewController.swift in Sources */,
				1872FAAA2268DB34007B2DD3 /* ViewController.swift in Sources */,
				1872FAA82268DB34007B2DD3 /* AppDelegate.swift in Sources */,
				C991212F226F765B00D3EF65 /* MapViewController.swift in Sources */,
				C900750E2291CD3300FFA20D /* DetailsViewController.swift in Sources */,
			);
			runOnlyForDeploymentPostprocessing = 0;
		};
/* End PBXSourcesBuildPhase section */

/* Begin PBXVariantGroup section */
		1872FAAB2268DB34007B2DD3 /* Main.storyboard */ = {
			isa = PBXVariantGroup;
			children = (
				1872FAAC2268DB34007B2DD3 /* Base */,
			);
			name = Main.storyboard;
			sourceTree = "<group>";
		};
		1872FAB02268DB35007B2DD3 /* LaunchScreen.storyboard */ = {
			isa = PBXVariantGroup;
			children = (
				1872FAB12268DB35007B2DD3 /* Base */,
			);
			name = LaunchScreen.storyboard;
			sourceTree = "<group>";
		};
/* End PBXVariantGroup section */

/* Begin XCBuildConfiguration section */
		1872FAB42268DB35007B2DD3 /* Debug */ = {
			isa = XCBuildConfiguration;
			buildSettings = {
				ALWAYS_SEARCH_USER_PATHS = NO;
				CLANG_ANALYZER_NONNULL = YES;
				CLANG_ANALYZER_NUMBER_OBJECT_CONVERSION = YES_AGGRESSIVE;
				CLANG_CXX_LANGUAGE_STANDARD = "gnu++14";
				CLANG_CXX_LIBRARY = "libc++";
				CLANG_ENABLE_MODULES = YES;
				CLANG_ENABLE_OBJC_ARC = YES;
				CLANG_ENABLE_OBJC_WEAK = YES;
				CLANG_WARN_BLOCK_CAPTURE_AUTORELEASING = YES;
				CLANG_WARN_BOOL_CONVERSION = YES;
				CLANG_WARN_COMMA = YES;
				CLANG_WARN_CONSTANT_CONVERSION = YES;
				CLANG_WARN_DEPRECATED_OBJC_IMPLEMENTATIONS = YES;
				CLANG_WARN_DIRECT_OBJC_ISA_USAGE = YES_ERROR;
				CLANG_WARN_DOCUMENTATION_COMMENTS = YES;
				CLANG_WARN_EMPTY_BODY = YES;
				CLANG_WARN_ENUM_CONVERSION = YES;
				CLANG_WARN_INFINITE_RECURSION = YES;
				CLANG_WARN_INT_CONVERSION = YES;
				CLANG_WARN_NON_LITERAL_NULL_CONVERSION = YES;
				CLANG_WARN_OBJC_IMPLICIT_RETAIN_SELF = YES;
				CLANG_WARN_OBJC_LITERAL_CONVERSION = YES;
				CLANG_WARN_OBJC_ROOT_CLASS = YES_ERROR;
				CLANG_WARN_RANGE_LOOP_ANALYSIS = YES;
				CLANG_WARN_STRICT_PROTOTYPES = YES;
				CLANG_WARN_SUSPICIOUS_MOVE = YES;
				CLANG_WARN_UNGUARDED_AVAILABILITY = YES_AGGRESSIVE;
				CLANG_WARN_UNREACHABLE_CODE = YES;
				CLANG_WARN__DUPLICATE_METHOD_MATCH = YES;
				CODE_SIGN_IDENTITY = "iPhone Developer";
				COPY_PHASE_STRIP = NO;
				DEBUG_INFORMATION_FORMAT = dwarf;
				ENABLE_STRICT_OBJC_MSGSEND = YES;
				ENABLE_TESTABILITY = YES;
				GCC_C_LANGUAGE_STANDARD = gnu11;
				GCC_DYNAMIC_NO_PIC = NO;
				GCC_NO_COMMON_BLOCKS = YES;
				GCC_OPTIMIZATION_LEVEL = 0;
				GCC_PREPROCESSOR_DEFINITIONS = (
					"DEBUG=1",
					"$(inherited)",
				);
				GCC_WARN_64_TO_32_BIT_CONVERSION = YES;
				GCC_WARN_ABOUT_RETURN_TYPE = YES_ERROR;
				GCC_WARN_UNDECLARED_SELECTOR = YES;
				GCC_WARN_UNINITIALIZED_AUTOS = YES_AGGRESSIVE;
				GCC_WARN_UNUSED_FUNCTION = YES;
				GCC_WARN_UNUSED_VARIABLE = YES;
				IPHONEOS_DEPLOYMENT_TARGET = 12.1;
				MTL_ENABLE_DEBUG_INFO = INCLUDE_SOURCE;
				MTL_FAST_MATH = YES;
				ONLY_ACTIVE_ARCH = YES;
				SDKROOT = iphoneos;
				SWIFT_ACTIVE_COMPILATION_CONDITIONS = DEBUG;
				SWIFT_OPTIMIZATION_LEVEL = "-Onone";
			};
			name = Debug;
		};
		1872FAB52268DB35007B2DD3 /* Release */ = {
			isa = XCBuildConfiguration;
			buildSettings = {
				ALWAYS_SEARCH_USER_PATHS = NO;
				CLANG_ANALYZER_NONNULL = YES;
				CLANG_ANALYZER_NUMBER_OBJECT_CONVERSION = YES_AGGRESSIVE;
				CLANG_CXX_LANGUAGE_STANDARD = "gnu++14";
				CLANG_CXX_LIBRARY = "libc++";
				CLANG_ENABLE_MODULES = YES;
				CLANG_ENABLE_OBJC_ARC = YES;
				CLANG_ENABLE_OBJC_WEAK = YES;
				CLANG_WARN_BLOCK_CAPTURE_AUTORELEASING = YES;
				CLANG_WARN_BOOL_CONVERSION = YES;
				CLANG_WARN_COMMA = YES;
				CLANG_WARN_CONSTANT_CONVERSION = YES;
				CLANG_WARN_DEPRECATED_OBJC_IMPLEMENTATIONS = YES;
				CLANG_WARN_DIRECT_OBJC_ISA_USAGE = YES_ERROR;
				CLANG_WARN_DOCUMENTATION_COMMENTS = YES;
				CLANG_WARN_EMPTY_BODY = YES;
				CLANG_WARN_ENUM_CONVERSION = YES;
				CLANG_WARN_INFINITE_RECURSION = YES;
				CLANG_WARN_INT_CONVERSION = YES;
				CLANG_WARN_NON_LITERAL_NULL_CONVERSION = YES;
				CLANG_WARN_OBJC_IMPLICIT_RETAIN_SELF = YES;
				CLANG_WARN_OBJC_LITERAL_CONVERSION = YES;
				CLANG_WARN_OBJC_ROOT_CLASS = YES_ERROR;
				CLANG_WARN_RANGE_LOOP_ANALYSIS = YES;
				CLANG_WARN_STRICT_PROTOTYPES = YES;
				CLANG_WARN_SUSPICIOUS_MOVE = YES;
				CLANG_WARN_UNGUARDED_AVAILABILITY = YES_AGGRESSIVE;
				CLANG_WARN_UNREACHABLE_CODE = YES;
				CLANG_WARN__DUPLICATE_METHOD_MATCH = YES;
				CODE_SIGN_IDENTITY = "iPhone Developer";
				COPY_PHASE_STRIP = NO;
				DEBUG_INFORMATION_FORMAT = "dwarf-with-dsym";
				ENABLE_NS_ASSERTIONS = NO;
				ENABLE_STRICT_OBJC_MSGSEND = YES;
				GCC_C_LANGUAGE_STANDARD = gnu11;
				GCC_NO_COMMON_BLOCKS = YES;
				GCC_WARN_64_TO_32_BIT_CONVERSION = YES;
				GCC_WARN_ABOUT_RETURN_TYPE = YES_ERROR;
				GCC_WARN_UNDECLARED_SELECTOR = YES;
				GCC_WARN_UNINITIALIZED_AUTOS = YES_AGGRESSIVE;
				GCC_WARN_UNUSED_FUNCTION = YES;
				GCC_WARN_UNUSED_VARIABLE = YES;
				IPHONEOS_DEPLOYMENT_TARGET = 12.1;
				MTL_ENABLE_DEBUG_INFO = NO;
				MTL_FAST_MATH = YES;
				SDKROOT = iphoneos;
				SWIFT_COMPILATION_MODE = wholemodule;
				SWIFT_OPTIMIZATION_LEVEL = "-O";
				VALIDATE_PRODUCT = YES;
			};
			name = Release;
		};
		1872FAB72268DB35007B2DD3 /* Debug */ = {
			isa = XCBuildConfiguration;
			buildSettings = {
				ASSETCATALOG_COMPILER_APPICON_NAME = AppIcon;
				CODE_SIGN_STYLE = Automatic;
				DEVELOPMENT_TEAM = 74UCA9VDP4;
				INFOPLIST_FILE = RunTrackerApp/Info.plist;
				LD_RUNPATH_SEARCH_PATHS = (
					"$(inherited)",
					"@executable_path/Frameworks",
				);
				PRODUCT_BUNDLE_IDENTIFIER = appsdevlopement.RunTrackerApp;
				PRODUCT_NAME = "$(TARGET_NAME)";
				SWIFT_VERSION = 4.2;
				TARGETED_DEVICE_FAMILY = "1,2";
			};
			name = Debug;
		};
		1872FAB82268DB35007B2DD3 /* Release */ = {
			isa = XCBuildConfiguration;
			buildSettings = {
				ASSETCATALOG_COMPILER_APPICON_NAME = AppIcon;
				CODE_SIGN_STYLE = Automatic;
				DEVELOPMENT_TEAM = 74UCA9VDP4;
				INFOPLIST_FILE = RunTrackerApp/Info.plist;
				LD_RUNPATH_SEARCH_PATHS = (
					"$(inherited)",
					"@executable_path/Frameworks",
				);
				PRODUCT_BUNDLE_IDENTIFIER = appsdevlopement.RunTrackerApp;
				PRODUCT_NAME = "$(TARGET_NAME)";
				SWIFT_VERSION = 4.2;
				TARGETED_DEVICE_FAMILY = "1,2";
			};
			name = Release;
		};
/* End XCBuildConfiguration section */

/* Begin XCConfigurationList section */
		1872FA9F2268DB33007B2DD3 /* Build configuration list for PBXProject "RunTrackerApp" */ = {
			isa = XCConfigurationList;
			buildConfigurations = (
				1872FAB42268DB35007B2DD3 /* Debug */,
				1872FAB52268DB35007B2DD3 /* Release */,
			);
			defaultConfigurationIsVisible = 0;
			defaultConfigurationName = Release;
		};
		1872FAB62268DB35007B2DD3 /* Build configuration list for PBXNativeTarget "RunTrackerApp" */ = {
			isa = XCConfigurationList;
			buildConfigurations = (
				1872FAB72268DB35007B2DD3 /* Debug */,
				1872FAB82268DB35007B2DD3 /* Release */,
			);
			defaultConfigurationIsVisible = 0;
			defaultConfigurationName = Release;
		};
/* End XCConfigurationList section */
	};
	rootObject = 1872FA9C2268DB33007B2DD3 /* Project object */;
}
